
Microsoft Visual Studio Solution File, Format Version 12.00
# Visual Studio 15
VisualStudioVersion = 15.0.28010.2036
MinimumVisualStudioVersion = 10.0.40219.1
Project("{FAE04EC0-301F-11D3-BF4B-00C04F79EFBC}") = "Checkers", "Checkers\Checkers.csproj", "{256BC933-520C-4716-BA75-384C0B7B9E6E}"
EndProject
Global
	GlobalSection(SolutionConfigurationPlatforms) = preSolution
		Debug|Any CPU = Debug|Any CPU
		Release|Any CPU = Release|Any CPU
	EndGlobalSection
	GlobalSection(ProjectConfigurationPlatforms) = postSolution
		{256BC933-520C-4716-BA75-384C0B7B9E6E}.Debug|Any CPU.ActiveCfg = Debug|Any CPU
		{256BC933-520C-4716-BA75-384C0B7B9E6E}.Debug|Any CPU.Build.0 = Debug|Any CPU
		{256BC933-520C-4716-BA75-384C0B7B9E6E}.Release|Any CPU.ActiveCfg = Release|Any CPU
		{256BC933-520C-4716-BA75-384C0B7B9E6E}.Release|Any CPU.Build.0 = Release|Any CPU
	EndGlobalSection
	GlobalSection(SolutionProperties) = preSolution
		HideSolutionNode = FALSE
	EndGlobalSection
	GlobalSection(ExtensibilityGlobals) = postSolution
		SolutionGuid = {F4D129E3-C8B9-44AF-A51B-4CBD31898D0D}
	EndGlobalSection
EndGlobal
